
Microsoft Visual Studio Solution File, Format Version 12.00
# Visual Studio Version 16
VisualStudioVersion = 16.0.30011.22
MinimumVisualStudioVersion = 10.0.40219.1
Project("{FAE04EC0-301F-11D3-BF4B-00C04F79EFBC}") = "Ejercicio2-Aspiradora-IA", "Ejercicio2-Aspiradora-IA\Ejercicio2-Aspiradora-IA.csproj", "{72D721B3-9D66-4C8B-979F-89F76966AB32}"
EndProject
Global
	GlobalSection(SolutionConfigurationPlatforms) = preSolution
		Debug|Any CPU = Debug|Any CPU
		Release|Any CPU = Release|Any CPU
	EndGlobalSection
	GlobalSection(ProjectConfigurationPlatforms) = postSolution
		{72D721B3-9D66-4C8B-979F-89F76966AB32}.Debug|Any CPU.ActiveCfg = Debug|Any CPU
		{72D721B3-9D66-4C8B-979F-89F76966AB32}.Debug|Any CPU.Build.0 = Debug|Any CPU
		{72D721B3-9D66-4C8B-979F-89F76966AB32}.Release|Any CPU.ActiveCfg = Release|Any CPU
		{72D721B3-9D66-4C8B-979F-89F76966AB32}.Release|Any CPU.Build.0 = Release|Any CPU
	EndGlobalSection
	GlobalSection(SolutionProperties) = preSolution
		HideSolutionNode = FALSE
	EndGlobalSection
	GlobalSection(ExtensibilityGlobals) = postSolution
		SolutionGuid = {DE118780-D6A1-4CBD-9494-2F9D46468ED2}
	EndGlobalSection
EndGlobal
